
Microsoft Visual Studio Solution File, Format Version 12.00
# Visual Studio Version 17
VisualStudioVersion = 17.11.35208.52
MinimumVisualStudioVersion = 10.0.40219.1
Project("{9A19103F-16F7-4668-BE54-9A1E7A4F7556}") = "BB-CR-Restful", "BB-CR-Restful\BB-CR-Restful.csproj", "{09E1B3E1-4A41-47FC-97A4-9C83B8B0DE15}"
EndProject
Project("{9A19103F-16F7-4668-BE54-9A1E7A4F7556}") = "BB-CR-Model", "BB-CR-Model\BB-CR-Model.csproj", "{4B6EE7BE-D57A-45CF-A750-B996D081275A}"
EndProject
Project("{9A19103F-16F7-4668-BE54-9A1E7A4F7556}") = "BB-CR-View", "BB-CR-View\BB-CR-View.csproj", "{8E1E760E-5EEE-46A3-B4D6-5AE426AF52D1}"
EndProject
Project("{9A19103F-16F7-4668-BE54-9A1E7A4F7556}") = "BB-CR-Provider", "BB-CR-Provider\BB-CR-Provider.csproj", "{FC0C58E7-A07D-4603-9DF0-1D7C6E97445E}"
EndProject
Project("{9A19103F-16F7-4668-BE54-9A1E7A4F7556}") = "BB-CR-Repository", "BB-CR-Repository\BB-CR-Repository.csproj", "{83480E1A-467E-4E49-ACA3-E9F34E53AA2A}"
EndProject
Global
	GlobalSection(SolutionConfigurationPlatforms) = preSolution
		Debug|Any CPU = Debug|Any CPU
		Release|Any CPU = Release|Any CPU
	EndGlobalSection
	GlobalSection(ProjectConfigurationPlatforms) = postSolution
		{09E1B3E1-4A41-47FC-97A4-9C83B8B0DE15}.Debug|Any CPU.ActiveCfg = Debug|Any CPU
		{09E1B3E1-4A41-47FC-97A4-9C83B8B0DE15}.Debug|Any CPU.Build.0 = Debug|Any CPU
		{09E1B3E1-4A41-47FC-97A4-9C83B8B0DE15}.Release|Any CPU.ActiveCfg = Release|Any CPU
		{09E1B3E1-4A41-47FC-97A4-9C83B8B0DE15}.Release|Any CPU.Build.0 = Release|Any CPU
		{4B6EE7BE-D57A-45CF-A750-B996D081275A}.Debug|Any CPU.ActiveCfg = Debug|Any CPU
		{4B6EE7BE-D57A-45CF-A750-B996D081275A}.Debug|Any CPU.Build.0 = Debug|Any CPU
		{4B6EE7BE-D57A-45CF-A750-B996D081275A}.Release|Any CPU.ActiveCfg = Release|Any CPU
		{4B6EE7BE-D57A-45CF-A750-B996D081275A}.Release|Any CPU.Build.0 = Release|Any CPU
		{8E1E760E-5EEE-46A3-B4D6-5AE426AF52D1}.Debug|Any CPU.ActiveCfg = Debug|Any CPU
		{8E1E760E-5EEE-46A3-B4D6-5AE426AF52D1}.Debug|Any CPU.Build.0 = Debug|Any CPU
		{8E1E760E-5EEE-46A3-B4D6-5AE426AF52D1}.Release|Any CPU.ActiveCfg = Release|Any CPU
		{8E1E760E-5EEE-46A3-B4D6-5AE426AF52D1}.Release|Any CPU.Build.0 = Release|Any CPU
		{FC0C58E7-A07D-4603-9DF0-1D7C6E97445E}.Debug|Any CPU.ActiveCfg = Debug|Any CPU
		{FC0C58E7-A07D-4603-9DF0-1D7C6E97445E}.Debug|Any CPU.Build.0 = Debug|Any CPU
		{FC0C58E7-A07D-4603-9DF0-1D7C6E97445E}.Release|Any CPU.ActiveCfg = Release|Any CPU
		{FC0C58E7-A07D-4603-9DF0-1D7C6E97445E}.Release|Any CPU.Build.0 = Release|Any CPU
		{83480E1A-467E-4E49-ACA3-E9F34E53AA2A}.Debug|Any CPU.ActiveCfg = Debug|Any CPU
		{83480E1A-467E-4E49-ACA3-E9F34E53AA2A}.Debug|Any CPU.Build.0 = Debug|Any CPU
		{83480E1A-467E-4E49-ACA3-E9F34E53AA2A}.Release|Any CPU.ActiveCfg = Release|Any CPU
		{83480E1A-467E-4E49-ACA3-E9F34E53AA2A}.Release|Any CPU.Build.0 = Release|Any CPU
	EndGlobalSection
	GlobalSection(SolutionProperties) = preSolution
		HideSolutionNode = FALSE
	EndGlobalSection
	GlobalSection(ExtensibilityGlobals) = postSolution
		SolutionGuid = {76FC62E2-FF7F-4C30-9F64-63FB06DDDCA2}
	EndGlobalSection
EndGlobal
